
Microsoft Visual Studio Solution File, Format Version 12.00
# Visual Studio Version 17
VisualStudioVersion = 17.4.33103.184
MinimumVisualStudioVersion = 10.0.40219.1
Project("{FAE04EC0-301F-11D3-BF4B-00C04F79EFBC}") = "Mud Blazor", "Mud Blazor.csproj", "{A5FEA350-381D-43C8-8153-67CFB9097682}"
EndProject
Global
	GlobalSection(SolutionConfigurationPlatforms) = preSolution
		Debug|Any CPU = Debug|Any CPU
		Release|Any CPU = Release|Any CPU
	EndGlobalSection
	GlobalSection(ProjectConfigurationPlatforms) = postSolution
		{A5FEA350-381D-43C8-8153-67CFB9097682}.Debug|Any CPU.ActiveCfg = Debug|Any CPU
		{A5FEA350-381D-43C8-8153-67CFB9097682}.Debug|Any CPU.Build.0 = Debug|Any CPU
		{A5FEA350-381D-43C8-8153-67CFB9097682}.Release|Any CPU.ActiveCfg = Release|Any CPU
		{A5FEA350-381D-43C8-8153-67CFB9097682}.Release|Any CPU.Build.0 = Release|Any CPU
	EndGlobalSection
	GlobalSection(SolutionProperties) = preSolution
		HideSolutionNode = FALSE
	EndGlobalSection
	GlobalSection(ExtensibilityGlobals) = postSolution
		SolutionGuid = {5A516913-E9B5-4517-97FF-0FCECC474F80}
	EndGlobalSection
EndGlobal
